
Microsoft Visual Studio Solution File, Format Version 12.00
# Visual Studio Version 17
VisualStudioVersion = 17.5.33414.496
MinimumVisualStudioVersion = 10.0.40219.1
Project("{FAE04EC0-301F-11D3-BF4B-00C04F79EFBC}") = "FiscalizacaoContatos", "FiscalizacaoContatos\FiscalizacaoContatos.csproj", "{14CBC4B9-B74E-451C-A1B8-332CB60F0C97}"
EndProject
Global
	GlobalSection(SolutionConfigurationPlatforms) = preSolution
		Debug|Any CPU = Debug|Any CPU
		Release|Any CPU = Release|Any CPU
	EndGlobalSection
	GlobalSection(ProjectConfigurationPlatforms) = postSolution
		{14CBC4B9-B74E-451C-A1B8-332CB60F0C97}.Debug|Any CPU.ActiveCfg = Debug|Any CPU
		{14CBC4B9-B74E-451C-A1B8-332CB60F0C97}.Debug|Any CPU.Build.0 = Debug|Any CPU
		{14CBC4B9-B74E-451C-A1B8-332CB60F0C97}.Release|Any CPU.ActiveCfg = Release|Any CPU
		{14CBC4B9-B74E-451C-A1B8-332CB60F0C97}.Release|Any CPU.Build.0 = Release|Any CPU
	EndGlobalSection
	GlobalSection(SolutionProperties) = preSolution
		HideSolutionNode = FALSE
	EndGlobalSection
	GlobalSection(ExtensibilityGlobals) = postSolution
		SolutionGuid = {DD4E5027-D045-44A6-B876-F448555CC928}
	EndGlobalSection
EndGlobal
